
Microsoft Visual Studio Solution File, Format Version 12.00
# Visual Studio Version 17
VisualStudioVersion = 17.7.34009.444
MinimumVisualStudioVersion = 10.0.40219.1
Project("{FAE04EC0-301F-11D3-BF4B-00C04F79EFBC}") = "EvennOrOdd", "EvennOrOdd\EvennOrOdd.csproj", "{8AD1C2F0-1E85-4D36-8AB5-6DC7DF765928}"
EndProject
Global
	GlobalSection(SolutionConfigurationPlatforms) = preSolution
		Debug|Any CPU = Debug|Any CPU
		Release|Any CPU = Release|Any CPU
	EndGlobalSection
	GlobalSection(ProjectConfigurationPlatforms) = postSolution
		{8AD1C2F0-1E85-4D36-8AB5-6DC7DF765928}.Debug|Any CPU.ActiveCfg = Debug|Any CPU
		{8AD1C2F0-1E85-4D36-8AB5-6DC7DF765928}.Debug|Any CPU.Build.0 = Debug|Any CPU
		{8AD1C2F0-1E85-4D36-8AB5-6DC7DF765928}.Release|Any CPU.ActiveCfg = Release|Any CPU
		{8AD1C2F0-1E85-4D36-8AB5-6DC7DF765928}.Release|Any CPU.Build.0 = Release|Any CPU
	EndGlobalSection
	GlobalSection(SolutionProperties) = preSolution
		HideSolutionNode = FALSE
	EndGlobalSection
	GlobalSection(ExtensibilityGlobals) = postSolution
		SolutionGuid = {4CD421A1-3E81-4C80-AA23-FF4DB6E92599}
	EndGlobalSection
EndGlobal
